{
  "name": "typing",
  "version": "1.0.0",
  "lockfileVersion": 1,
  "requires": true,
  "dependencies": {
    "@material/animation": {
      "version": "10.0.0",
      "resolved": "https://registry.npmjs.org/@material/animation/-/animation-10.0.0.tgz",
      "integrity": "sha512-5e8e+W+n105rfSTRI5Mfmh9VMqzNG8+OhxjfDr7k0lYCfjbkT8LsAInonC5EotJzcaxD0vtDUqRqdW8xKIXNWg==",
      "requires": {
        "tslib": "^1.9.3"
      }
    },
    "@material/auto-init": {
      "version": "10.0.0",
      "resolved": "https://registry.npmjs.org/@material/auto-init/-/auto-init-10.0.0.tgz",
      "integrity": "sha512-Deawx+0P7D7A6kCeYcG40sM+pi3O1qAp838fu16Rupy6ZdZ4z3fXQbcHXq4ZQNysRxIdC6S7DjJ/VI340HI+mA==",
      "requires": {
        "@material/base": "^10.0.0",
        "tslib": "^1.9.3"
      }
    },
    "@material/banner": {
      "version": "10.0.0",
      "resolved": "https://registry.npmjs.org/@material/banner/-/banner-10.0.0.tgz",
      "integrity": "sha512-USIk8WIFHLGafjxTsMjNJf8AsRdAvI+XZjEKkPwvpqgFcBLgDa7rRVO8YsgnXUdcqq3hitAo+w1NbNMU2pogDg==",
      "requires": {
        "@material/base": "^10.0.0",
        "@material/button": "^10.0.0",
        "@material/dom": "^10.0.0",
        "@material/feature-targeting": "^10.0.0",
        "@material/ripple": "^10.0.0",
        "@material/rtl": "^10.0.0",
        "@material/shape": "^10.0.0",
        "@material/theme": "^10.0.0",
        "@material/typography": "^10.0.0",
        "tslib": "^1.9.3"
      }
    },
    "@material/base": {
      "version": "10.0.0",
      "resolved": "https://registry.npmjs.org/@material/base/-/base-10.0.0.tgz",
      "integrity": "sha512-PQWNSsNYVvMcWKsRFHgs5JjsHuv6cTogdlp9uhx5ChdLNCkflpXlMKJ7aYfcl56fdLntWQbxXowLh1JAfrTrmg==",
      "requires": {
        "tslib": "^1.9.3"
      }
    },
    "@material/button": {
      "version": "10.0.0",
      "resolved": "https://registry.npmjs.org/@material/button/-/button-10.0.0.tgz",
      "integrity": "sha512-OHIJtlyM+U+MqvPm0N0y9kHf+SFS0I7zE520MulQJywgZhHmU+mz2kwgy+tVxOTceVglQzRZP3KkrwUkf4U0bg==",
      "requires": {
        "@material/density": "^10.0.0",
        "@material/dom": "^10.0.0",
        "@material/elevation": "^10.0.0",
        "@material/feature-targeting": "^10.0.0",
        "@material/ripple": "^10.0.0",
        "@material/rtl": "^10.0.0",
        "@material/shape": "^10.0.0",
        "@material/theme": "^10.0.0",
        "@material/touch-target": "^10.0.0",
        "@material/typography": "^10.0.0"
      }
    },
    "@material/card": {
      "version": "10.0.0",
      "resolved": "https://registry.npmjs.org/@material/card/-/card-10.0.0.tgz",
      "integrity": "sha512-IwdmUdrMDKb27K6xUhRSafPNbrAmcrPSxM3E8ad1Hk55+9O8Tl9SnGfOQGNtocGa8O7qFr8jsiqdIrxJN85VEA==",
      "requires": {
        "@material/dom": "^10.0.0",
        "@material/elevation": "^10.0.0",
        "@material/feature-targeting": "^10.0.0",
        "@material/ripple": "^10.0.0",
        "@material/rtl": "^10.0.0",
        "@material/shape": "^10.0.0",
        "@material/theme": "^10.0.0"
      }
    },
    "@material/checkbox": {
      "version": "10.0.0",
      "resolved": "https://registry.npmjs.org/@material/checkbox/-/checkbox-10.0.0.tgz",
      "integrity": "sha512-aZc8KLo+yT15tnEpJWBvqJhUFEVqAKs56DGC8PaKfwfJJMVS0D4Hek61cpl4Jthv6j5eduvpiZ/2DRE8D530Hg==",
      "requires": {
        "@material/animation": "^10.0.0",
        "@material/base": "^10.0.0",
        "@material/density": "^10.0.0",
        "@material/dom": "^10.0.0",
        "@material/feature-targeting": "^10.0.0",
        "@material/ripple": "^10.0.0",
        "@material/theme": "^10.0.0",
        "@material/touch-target": "^10.0.0",
        "tslib": "^1.9.3"
      }
    },
    "@material/chips": {
      "version": "10.0.0",
      "resolved": "https://registry.npmjs.org/@material/chips/-/chips-10.0.0.tgz",
      "integrity": "sha512-K3FQaN/Y7nlgVtTyZjWOD88Q+5VkNJBUwx0Jv9gONuRjDnelGNbTnzVe1/ESAFVK7fRSoQsEdSM8DVKsjrjyVw==",
      "requires": {
        "@material/animation": "^10.0.0",
        "@material/base": "^10.0.0",
        "@material/checkbox": "^10.0.0",
        "@material/density": "^10.0.0",
        "@material/dom": "^10.0.0",
        "@material/elevation": "^10.0.0",
        "@material/feature-targeting": "^10.0.0",
        "@material/ripple": "^10.0.0",
        "@material/rtl": "^10.0.0",
        "@material/shape": "^10.0.0",
        "@material/theme": "^10.0.0",
        "@material/touch-target": "^10.0.0",
        "@material/typography": "^10.0.0",
        "tslib": "^1.9.3"
      }
    },
    "@material/circular-progress": {
      "version": "10.0.0",
      "resolved": "https://registry.npmjs.org/@material/circular-progress/-/circular-progress-10.0.0.tgz",
      "integrity": "sha512-lb76jzi10OmsVN2XhLhEZpWBilx0TMCZESQ7fIub4FQuSwBucz7Wn/+d5goRkotrOKWzh2HvJ/vnpku5up/a1A==",
      "requires": {
        "@material/animation": "^10.0.0",
        "@material/base": "^10.0.0",
        "@material/feature-targeting": "^10.0.0",
        "@material/progress-indicator": "^10.0.0",
        "@material/theme": "^10.0.0",
        "tslib": "^1.9.3"
      }
    },
    "@material/data-table": {
      "version": "10.0.0",
      "resolved": "https://registry.npmjs.org/@material/data-table/-/data-table-10.0.0.tgz",
      "integrity": "sha512-6zmqZk1EkmyjTW4SK/HC2SJX2LsNEKYAjrlEU9XZKEJCA381Z3+YJNrePNHbK9JEZYtGH4yq7Yu8kH5FlBJa9A==",
      "requires": {
        "@material/animation": "^10.0.0",
        "@material/base": "^10.0.0",
        "@material/checkbox": "^10.0.0",
        "@material/density": "^10.0.0",
        "@material/dom": "^10.0.0",
        "@material/elevation": "^10.0.0",
        "@material/feature-targeting": "^10.0.0",
        "@material/icon-button": "^10.0.0",
        "@material/linear-progress": "^10.0.0",
        "@material/list": "^10.0.0",
        "@material/menu": "^10.0.0",
        "@material/rtl": "^10.0.0",
        "@material/select": "^10.0.0",
        "@material/shape": "^10.0.0",
        "@material/theme": "^10.0.0",
        "@material/touch-target": "^10.0.0",
        "@material/typography": "^10.0.0",
        "tslib": "^1.10.0"
      }
    },
    "@material/density": {
      "version": "10.0.0",
      "resolved": "https://registry.npmjs.org/@material/density/-/density-10.0.0.tgz",
      "integrity": "sha512-nLf8N5e6tEYo+W762z3coTDl2b1FFKJv/uU+E5UsBYOL0ftXrOMtiYSwg9MJjfWtdG+uUBfb3VLcBvIl2x3C0w=="
    },
    "@material/dialog": {
      "version": "10.0.0",
      "resolved": "https://registry.npmjs.org/@material/dialog/-/dialog-10.0.0.tgz",
      "integrity": "sha512-vAupxjKxP9iMCmFCkE0PuLCrePdBqdOvJBTv++JP1v+t/Vu+5FLu6rHYIWKwTivqrIgSrLS2L0Lyc1VlJzQqLg==",
      "requires": {
        "@material/animation": "^10.0.0",
        "@material/base": "^10.0.0",
        "@material/button": "^10.0.0",
        "@material/dom": "^10.0.0",
        "@material/elevation": "^10.0.0",
        "@material/feature-targeting": "^10.0.0",
        "@material/icon-button": "^10.0.0",
        "@material/ripple": "^10.0.0",
        "@material/rtl": "^10.0.0",
        "@material/shape": "^10.0.0",
        "@material/theme": "^10.0.0",
        "@material/touch-target": "^10.0.0",
        "@material/typography": "^10.0.0",
        "tslib": "^1.9.3"
      }
    },
    "@material/dom": {
      "version": "10.0.0",
      "resolved": "https://registry.npmjs.org/@material/dom/-/dom-10.0.0.tgz",
      "integrity": "sha512-rimaFIRsbacSjnk/1IqQZLOjoIWYhmuR6AZR35nkeAYg0H3DmLuNTGyAgsMaC8O/1vBcAp+c4N9WASkITCOE5A==",
      "requires": {
        "@material/feature-targeting": "^10.0.0",
        "tslib": "^1.9.3"
      }
    },
    "@material/drawer": {
      "version": "10.0.0",
      "resolved": "https://registry.npmjs.org/@material/drawer/-/drawer-10.0.0.tgz",
      "integrity": "sha512-x2B8Cqz8x3ecXU4gkFCZBzWNKC5q+oDc73dce/rPNoR87ndzLhMcu6P7mD/tBaNBJHypfQk1SBkbFrMYHAfncg==",
      "requires": {
        "@material/animation": "^10.0.0",
        "@material/base": "^10.0.0",
        "@material/dom": "^10.0.0",
        "@material/elevation": "^10.0.0",
        "@material/feature-targeting": "^10.0.0",
        "@material/list": "^10.0.0",
        "@material/ripple": "^10.0.0",
        "@material/rtl": "^10.0.0",
        "@material/shape": "^10.0.0",
        "@material/theme": "^10.0.0",
        "@material/typography": "^10.0.0",
        "tslib": "^1.9.3"
      }
    },
    "@material/elevation": {
      "version": "10.0.0",
      "resolved": "https://registry.npmjs.org/@material/elevation/-/elevation-10.0.0.tgz",
      "integrity": "sha512-D/CeTIkRmV9iLJDzUnKSt2FTM7SLv3ixQjindNaAEAaCdsaoUfx6Q2dRAlqQOL0y6yeTvvpxK9IFwu411J3xXw==",
      "requires": {
        "@material/animation": "^10.0.0",
        "@material/base": "^10.0.0",
        "@material/feature-targeting": "^10.0.0",
        "@material/theme": "^10.0.0"
      }
    },
    "@material/fab": {
      "version": "10.0.0",
      "resolved": "https://registry.npmjs.org/@material/fab/-/fab-10.0.0.tgz",
      "integrity": "sha512-TR+xGD0fjwyP9/E0XkXkmHBhzgsgYLEOp/uMf0GRoSXlDypU9E83oh3ZH8w4u2MrHfSM65xB3tMHchSNzXkb2Q==",
      "requires": {
        "@material/animation": "^10.0.0",
        "@material/dom": "^10.0.0",
        "@material/elevation": "^10.0.0",
        "@material/feature-targeting": "^10.0.0",
        "@material/ripple": "^10.0.0",
        "@material/rtl": "^10.0.0",
        "@material/shape": "^10.0.0",
        "@material/theme": "^10.0.0",
        "@material/touch-target": "^10.0.0",
        "@material/typography": "^10.0.0"
      }
    },
    "@material/feature-targeting": {
      "version": "10.0.0",
      "resolved": "https://registry.npmjs.org/@material/feature-targeting/-/feature-targeting-10.0.0.tgz",
      "integrity": "sha512-Pn48jeeD2ScMq0NoR0k9SeC3UFOOTarKNIYxL+TkFRLGks/TgFoSIDRwXCzva/9umw9/Q2xOWrY/Gqs1zBIgOA=="
    },
    "@material/floating-label": {
      "version": "10.0.0",
      "resolved": "https://registry.npmjs.org/@material/floating-label/-/floating-label-10.0.0.tgz",
      "integrity": "sha512-np5ETpkZiv4WkgO9b4PKM9oWnuMaF7smxPx0ef4xvwj1jfj7z40OSV85p+3xVp9fJ6UkiDQBqqB+5xquf/o++w==",
      "requires": {
        "@material/animation": "^10.0.0",
        "@material/base": "^10.0.0",
        "@material/dom": "^10.0.0",
        "@material/feature-targeting": "^10.0.0",
        "@material/rtl": "^10.0.0",
        "@material/theme": "^10.0.0",
        "@material/typography": "^10.0.0",
        "tslib": "^1.9.3"
      }
    },
    "@material/form-field": {
      "version": "10.0.0",
      "resolved": "https://registry.npmjs.org/@material/form-field/-/form-field-10.0.0.tgz",
      "integrity": "sha512-OP4SiWVClIfNZYOUzuJpkY67ZRXTm2N4KF1xtfE7aN5mBjJfzrJkhjZ7wrfeWIDx4noGtGDn4wb8ui3kBk87KQ==",
      "requires": {
        "@material/base": "^10.0.0",
        "@material/feature-targeting": "^10.0.0",
        "@material/ripple": "^10.0.0",
        "@material/rtl": "^10.0.0",
        "@material/theme": "^10.0.0",
        "@material/typography": "^10.0.0",
        "tslib": "^1.9.3"
      }
    },
    "@material/icon-button": {
      "version": "10.0.0",
      "resolved": "https://registry.npmjs.org/@material/icon-button/-/icon-button-10.0.0.tgz",
      "integrity": "sha512-e7oQq2LlUA+UGGzlgvityPV+bTRJ7sFs8grlwM0C86adXzc/6nYBNmmgcqUpQDiCtBj5Dqo8oQSUVGRkHIqEiQ==",
      "requires": {
        "@material/base": "^10.0.0",
        "@material/density": "^10.0.0",
        "@material/feature-targeting": "^10.0.0",
        "@material/ripple": "^10.0.0",
        "@material/rtl": "^10.0.0",
        "@material/theme": "^10.0.0",
        "tslib": "^1.9.3"
      }
    },
    "@material/image-list": {
      "version": "10.0.0",
      "resolved": "https://registry.npmjs.org/@material/image-list/-/image-list-10.0.0.tgz",
      "integrity": "sha512-7DZkZNCTsxDsiISAEv7DkxP99On4cG+kMUMjf475K2hjJ1JtilOg27PoV2RTWp7umIk34TifD4ydEqDvQ3q8pQ==",
      "requires": {
        "@material/feature-targeting": "^10.0.0",
        "@material/shape": "^10.0.0",
        "@material/theme": "^10.0.0",
        "@material/typography": "^10.0.0"
      }
    },
    "@material/layout-grid": {
      "version": "10.0.0",
      "resolved": "https://registry.npmjs.org/@material/layout-grid/-/layout-grid-10.0.0.tgz",
      "integrity": "sha512-r6MydDwpGwawgEBjENrp7699r+ioGpUd/ntAfrYxeVqRT43Qkoa6/VHLYHDubv+RlaG130PQ5ipNPkCgqHURMw=="
    },
    "@material/line-ripple": {
      "version": "10.0.0",
      "resolved": "https://registry.npmjs.org/@material/line-ripple/-/line-ripple-10.0.0.tgz",
      "integrity": "sha512-68Kn1cs2T0GWRdAfdtoDz5grROVeGtS9WSYe0kCDsoXFmHEjGhxVZfIT3E6as6NcrP7haLPJEV6ACg4tvzr8uQ==",
      "requires": {
        "@material/animation": "^10.0.0",
        "@material/base": "^10.0.0",
        "@material/feature-targeting": "^10.0.0",
        "@material/theme": "^10.0.0",
        "tslib": "^1.9.3"
      }
    },
    "@material/linear-progress": {
      "version": "10.0.0",
      "resolved": "https://registry.npmjs.org/@material/linear-progress/-/linear-progress-10.0.0.tgz",
      "integrity": "sha512-RjfVNRCbhEeyIw5MSb9PNH7Xuhn6af90ksfjmABjYHkTFVhSDdJMrDCOD6gdH8UE5vGDIulS+ZMgIy4pQOmnxA==",
      "requires": {
        "@material/animation": "^10.0.0",
        "@material/base": "^10.0.0",
        "@material/feature-targeting": "^10.0.0",
        "@material/progress-indicator": "^10.0.0",
        "@material/rtl": "^10.0.0",
        "@material/theme": "^10.0.0",
        "tslib": "^1.9.3"
      }
    },
    "@material/list": {
      "version": "10.0.0",
      "resolved": "https://registry.npmjs.org/@material/list/-/list-10.0.0.tgz",
      "integrity": "sha512-LYNntZbyu4ByJphtg3sGxYiwGdt+Lr2jZZLaOk4Xr8v98xDEW96yjB7CjSGh7HI//snJ9PN0QmEfTJ9kavswLw==",
      "requires": {
        "@material/base": "^10.0.0",
        "@material/density": "^10.0.0",
        "@material/dom": "^10.0.0",
        "@material/feature-targeting": "^10.0.0",
        "@material/ripple": "^10.0.0",
        "@material/rtl": "^10.0.0",
        "@material/shape": "^10.0.0",
        "@material/theme": "^10.0.0",
        "@material/typography": "^10.0.0",
        "tslib": "^1.9.3"
      }
    },
    "@material/menu": {
      "version": "10.0.0",
      "resolved": "https://registry.npmjs.org/@material/menu/-/menu-10.0.0.tgz",
      "integrity": "sha512-UvutTmhENZc7j1XO14bL/jj0CFQV//8FiQT8hqnZ2/bisX4dyVkwJcs/iSj7ZumQ9KSqn62XMP+DiOothz55Ew==",
      "requires": {
        "@material/base": "^10.0.0",
        "@material/dom": "^10.0.0",
        "@material/elevation": "^10.0.0",
        "@material/feature-targeting": "^10.0.0",
        "@material/list": "^10.0.0",
        "@material/menu-surface": "^10.0.0",
        "@material/ripple": "^10.0.0",
        "@material/rtl": "^10.0.0",
        "@material/theme": "^10.0.0",
        "tslib": "^1.9.3"
      }
    },
    "@material/menu-surface": {
      "version": "10.0.0",
      "resolved": "https://registry.npmjs.org/@material/menu-surface/-/menu-surface-10.0.0.tgz",
      "integrity": "sha512-YH/FYlUSmKZoEDtPA+EpV+WQy9caLsa3O+K9MnVq5hpUcg/ezKUa8hP59de+3ubP5Vex60OyVtRs9A/btb64PA==",
      "requires": {
        "@material/animation": "^10.0.0",
        "@material/base": "^10.0.0",
        "@material/elevation": "^10.0.0",
        "@material/feature-targeting": "^10.0.0",
        "@material/rtl": "^10.0.0",
        "@material/shape": "^10.0.0",
        "@material/theme": "^10.0.0",
        "tslib": "^1.9.3"
      }
    },
    "@material/notched-outline": {
      "version": "10.0.0",
      "resolved": "https://registry.npmjs.org/@material/notched-outline/-/notched-outline-10.0.0.tgz",
      "integrity": "sha512-SgiLTX2Wy15EAVl6eve+5ruBpnmkN3BclB/6RARvswld6uXhJ4HFSM01sztg4QPhCDehyqNIZvo/LdtyK+99vg==",
      "requires": {
        "@material/base": "^10.0.0",
        "@material/feature-targeting": "^10.0.0",
        "@material/floating-label": "^10.0.0",
        "@material/rtl": "^10.0.0",
        "@material/shape": "^10.0.0",
        "@material/theme": "^10.0.0",
        "tslib": "^1.9.3"
      }
    },
    "@material/progress-indicator": {
      "version": "10.0.0",
      "resolved": "https://registry.npmjs.org/@material/progress-indicator/-/progress-indicator-10.0.0.tgz",
      "integrity": "sha512-s0IXhhyBBlfXoaN7WKKpsiw4qtG29JXTVhj0/IR2QdDx82QOTxYlQkclqBBlkr+H40LKmEYN7dUWJVWJf8QlMw==",
      "requires": {
        "tslib": "^1.9.3"
      }
    },
    "@material/radio": {
      "version": "10.0.0",
      "resolved": "https://registry.npmjs.org/@material/radio/-/radio-10.0.0.tgz",
      "integrity": "sha512-Lvjfz0NjmwvZ4vvi2aCNQdrvdbFuTsVDjrWCHJgeR7kBLOYM7g8li7G6EpD6GgcMvSCysQ4IljCXUVIimnFoCg==",
      "requires": {
        "@material/animation": "^10.0.0",
        "@material/base": "^10.0.0",
        "@material/density": "^10.0.0",
        "@material/dom": "^10.0.0",
        "@material/feature-targeting": "^10.0.0",
        "@material/ripple": "^10.0.0",
        "@material/theme": "^10.0.0",
        "@material/touch-target": "^10.0.0",
        "tslib": "^1.9.3"
      }
    },
    "@material/ripple": {
      "version": "10.0.0",
      "resolved": "https://registry.npmjs.org/@material/ripple/-/ripple-10.0.0.tgz",
      "integrity": "sha512-KZPJ6YvLFJKkulUemKFq/Y3h9/Pbta+zOjBN1ZoeiP5++5thfsMJuL+L2bWa4GqUjSj66xW75LQrxX/ammCYzw==",
      "requires": {
        "@material/animation": "^10.0.0",
        "@material/base": "^10.0.0",
        "@material/dom": "^10.0.0",
        "@material/feature-targeting": "^10.0.0",
        "@material/theme": "^10.0.0",
        "tslib": "^1.9.3"
      }
    },
    "@material/rtl": {
      "version": "10.0.0",
      "resolved": "https://registry.npmjs.org/@material/rtl/-/rtl-10.0.0.tgz",
      "integrity": "sha512-887Dq0JrlRx5uwQ2Ku4Gig0e7iMIdKAAvvk/Wnglo9jFUvJE94rgSyyDLbwsN4vo1s33PwxHK1uWteALkzMQWw==",
      "requires": {
        "@material/theme": "^10.0.0"
      }
    },
    "@material/segmented-button": {
      "version": "10.0.0",
      "resolved": "https://registry.npmjs.org/@material/segmented-button/-/segmented-button-10.0.0.tgz",
      "integrity": "sha512-98+1Wny1yPJWNkhqPgvKPQtOlxlIXMvB0XHegO51G3JnDWDcyay+JzumDJAlwX3yuhekQ61oQDfEPUb7bZOR3g==",
      "requires": {
        "@material/base": "^10.0.0",
        "@material/elevation": "^10.0.0",
        "@material/feature-targeting": "^10.0.0",
        "@material/ripple": "^10.0.0",
        "@material/theme": "^10.0.0",
        "@material/touch-target": "^10.0.0",
        "@material/typography": "^10.0.0"
      }
    },
    "@material/select": {
      "version": "10.0.0",
      "resolved": "https://registry.npmjs.org/@material/select/-/select-10.0.0.tgz",
      "integrity": "sha512-1K39WyPpD7cMS1GBNYvQ+o6uBldy3rilqwiBV9zQHIIcAIk9SN7e++siKxbSYGq2/aeMX0sdQDkbGZhEGXupGQ==",
      "requires": {
        "@material/animation": "^10.0.0",
        "@material/base": "^10.0.0",
        "@material/density": "^10.0.0",
        "@material/dom": "^10.0.0",
        "@material/feature-targeting": "^10.0.0",
        "@material/floating-label": "^10.0.0",
        "@material/line-ripple": "^10.0.0",
        "@material/list": "^10.0.0",
        "@material/menu": "^10.0.0",
        "@material/menu-surface": "^10.0.0",
        "@material/notched-outline": "^10.0.0",
        "@material/ripple": "^10.0.0",
        "@material/rtl": "^10.0.0",
        "@material/shape": "^10.0.0",
        "@material/theme": "^10.0.0",
        "@material/typography": "^10.0.0",
        "tslib": "^1.9.3"
      }
    },
    "@material/shape": {
      "version": "10.0.0",
      "resolved": "https://registry.npmjs.org/@material/shape/-/shape-10.0.0.tgz",
      "integrity": "sha512-2zUib2htoZz21ULa9lNd4llGOWlZcGLBKKJdNV6wsyPlqdh6SjEXf3Fz1BrWV6pQVW3fhnhn+oTFLMveV1mMZw==",
      "requires": {
        "@material/feature-targeting": "^10.0.0",
        "@material/rtl": "^10.0.0",
        "@material/theme": "^10.0.0"
      }
    },
    "@material/slider": {
      "version": "10.0.0",
      "resolved": "https://registry.npmjs.org/@material/slider/-/slider-10.0.0.tgz",
      "integrity": "sha512-RsCPCk/dWba0W1LxRCALM9iVQtww2wgEZM7P/erQQyNKHDCR9CPNrCW5Y9HUhtzr+j3RaFqkSGDzJ1+WpIOQ5g==",
      "requires": {
        "@material/animation": "^10.0.0",
        "@material/base": "^10.0.0",
        "@material/dom": "^10.0.0",
        "@material/elevation": "^10.0.0",
        "@material/feature-targeting": "^10.0.0",
        "@material/ripple": "^10.0.0",
        "@material/rtl": "^10.0.0",
        "@material/theme": "^10.0.0",
        "@material/typography": "^10.0.0",
        "tslib": "^1.9.3"
      }
    },
    "@material/snackbar": {
      "version": "10.0.0",
      "resolved": "https://registry.npmjs.org/@material/snackbar/-/snackbar-10.0.0.tgz",
      "integrity": "sha512-Cp/OpLZm6ze+/jxpyf2D1jUNvdyhn3MhYcH1EWUyJowJk0wc0DOvWWgrZcVmyqTCROJUmTlL+l35EQ3f7rkjxQ==",
      "requires": {
        "@material/animation": "^10.0.0",
        "@material/base": "^10.0.0",
        "@material/button": "^10.0.0",
        "@material/dom": "^10.0.0",
        "@material/elevation": "^10.0.0",
        "@material/feature-targeting": "^10.0.0",
        "@material/icon-button": "^10.0.0",
        "@material/ripple": "^10.0.0",
        "@material/rtl": "^10.0.0",
        "@material/shape": "^10.0.0",
        "@material/theme": "^10.0.0",
        "@material/typography": "^10.0.0",
        "tslib": "^1.9.3"
      }
    },
    "@material/switch": {
      "version": "10.0.0",
      "resolved": "https://registry.npmjs.org/@material/switch/-/switch-10.0.0.tgz",
      "integrity": "sha512-2UZgof9g52fJOsGgftnmb66WC/yyESZssvbxhLkUVIwGTephz7KXfRWPvoBWBEC2Gwk5FW2Btq3nw5uRKPNj1A==",
      "requires": {
        "@material/animation": "^10.0.0",
        "@material/base": "^10.0.0",
        "@material/density": "^10.0.0",
        "@material/dom": "^10.0.0",
        "@material/elevation": "^10.0.0",
        "@material/feature-targeting": "^10.0.0",
        "@material/ripple": "^10.0.0",
        "@material/rtl": "^10.0.0",
        "@material/theme": "^10.0.0",
        "tslib": "^1.9.3"
      }
    },
    "@material/tab": {
      "version": "10.0.0",
      "resolved": "https://registry.npmjs.org/@material/tab/-/tab-10.0.0.tgz",
      "integrity": "sha512-+NdLlk3japU7I7Ar6ZrihQKxZdk8mIkRv8fXoRZ0KjvHyi6y5tYT++tMHDCzvdzWm24z9Du3aiup1QIsKaI24Q==",
      "requires": {
        "@material/base": "^10.0.0",
        "@material/feature-targeting": "^10.0.0",
        "@material/ripple": "^10.0.0",
        "@material/rtl": "^10.0.0",
        "@material/tab-indicator": "^10.0.0",
        "@material/theme": "^10.0.0",
        "@material/typography": "^10.0.0",
        "tslib": "^1.9.3"
      }
    },
    "@material/tab-bar": {
      "version": "10.0.0",
      "resolved": "https://registry.npmjs.org/@material/tab-bar/-/tab-bar-10.0.0.tgz",
      "integrity": "sha512-C0+Cc4L2AbKKkmrv+DF4d3UPfjIDSQs7Iue/X4q4Y+JmOPb6FgUQOYAJOx7V4/5YPUTECAa/lUVYoFMqDxdRRw==",
      "requires": {
        "@material/animation": "^10.0.0",
        "@material/base": "^10.0.0",
        "@material/density": "^10.0.0",
        "@material/feature-targeting": "^10.0.0",
        "@material/tab": "^10.0.0",
        "@material/tab-scroller": "^10.0.0",
        "tslib": "^1.9.3"
      }
    },
    "@material/tab-indicator": {
      "version": "10.0.0",
      "resolved": "https://registry.npmjs.org/@material/tab-indicator/-/tab-indicator-10.0.0.tgz",
      "integrity": "sha512-CpSyR76q51UZ1nhW5quVvYpPGA//Zy2Mjhdp4y+T8yVUtR2MBGj6LjeQz3T4cuGq4GL+yEIw6KPOBFdtCNRqaQ==",
      "requires": {
        "@material/animation": "^10.0.0",
        "@material/base": "^10.0.0",
        "@material/feature-targeting": "^10.0.0",
        "@material/theme": "^10.0.0",
        "tslib": "^1.9.3"
      }
    },
    "@material/tab-scroller": {
      "version": "10.0.0",
      "resolved": "https://registry.npmjs.org/@material/tab-scroller/-/tab-scroller-10.0.0.tgz",
      "integrity": "sha512-OT0BNGg5Lai8slprm9GfGKm0npZCh9+NYoYic7nNII3icpqCbgnayyZpHA215tQ8gi6wx+UEm+bWMlz4TEGlQg==",
      "requires": {
        "@material/animation": "^10.0.0",
        "@material/base": "^10.0.0",
        "@material/dom": "^10.0.0",
        "@material/feature-targeting": "^10.0.0",
        "@material/tab": "^10.0.0",
        "tslib": "^1.9.3"
      }
    },
    "@material/textfield": {
      "version": "10.0.0",
      "resolved": "https://registry.npmjs.org/@material/textfield/-/textfield-10.0.0.tgz",
      "integrity": "sha512-EqqG1c8J8pGTBV3ogXlEi3ZxGuG8qAGYw9Z3QI+r3FvYvrX4qp9Xl1ifDRweVF18eJ28DINXqBdL7XNmnCaZpw==",
      "requires": {
        "@material/animation": "^10.0.0",
        "@material/base": "^10.0.0",
        "@material/density": "^10.0.0",
        "@material/dom": "^10.0.0",
        "@material/feature-targeting": "^10.0.0",
        "@material/floating-label": "^10.0.0",
        "@material/line-ripple": "^10.0.0",
        "@material/notched-outline": "^10.0.0",
        "@material/ripple": "^10.0.0",
        "@material/rtl": "^10.0.0",
        "@material/shape": "^10.0.0",
        "@material/theme": "^10.0.0",
        "@material/typography": "^10.0.0",
        "tslib": "^1.9.3"
      }
    },
    "@material/theme": {
      "version": "10.0.0",
      "resolved": "https://registry.npmjs.org/@material/theme/-/theme-10.0.0.tgz",
      "integrity": "sha512-ll5UFjPR6np4jgTzDQO85VQg6FgLM0Vy1MlyJVRr/kn+2adX5hDxiBOnuC9fTeVhIBBPjbAMOFPa6VhNmAmkvg==",
      "requires": {
        "@material/feature-targeting": "^10.0.0"
      }
    },
    "@material/tooltip": {
      "version": "10.0.0",
      "resolved": "https://registry.npmjs.org/@material/tooltip/-/tooltip-10.0.0.tgz",
      "integrity": "sha512-sH0c9ERNGZe+QaxRNQIFczKNu2y4IbDsuhb5MalY0XZ6jurpdm/1UxEBvrhquXkUUebJ0tPzbOJ214+LJVSh5A==",
      "requires": {
        "@material/animation": "^10.0.0",
        "@material/base": "^10.0.0",
        "@material/dom": "^10.0.0",
        "@material/elevation": "^10.0.0",
        "@material/feature-targeting": "^10.0.0",
        "@material/rtl": "^10.0.0",
        "@material/shape": "^10.0.0",
        "@material/theme": "^10.0.0",
        "@material/typography": "^10.0.0",
        "tslib": "^1.9.3"
      }
    },
    "@material/top-app-bar": {
      "version": "10.0.0",
      "resolved": "https://registry.npmjs.org/@material/top-app-bar/-/top-app-bar-10.0.0.tgz",
      "integrity": "sha512-9UKxshyQw/FYX+V5qpsNcyU+4Z+3bvxa415jZkorq+ffoaIzKjc30zBGYcpQSAs2wwobiSp5srMmrTuU/x9k7A==",
      "requires": {
        "@material/animation": "^10.0.0",
        "@material/base": "^10.0.0",
        "@material/elevation": "^10.0.0",
        "@material/ripple": "^10.0.0",
        "@material/rtl": "^10.0.0",
        "@material/shape": "^10.0.0",
        "@material/theme": "^10.0.0",
        "@material/typography": "^10.0.0",
        "tslib": "^1.9.3"
      }
    },
    "@material/touch-target": {
      "version": "10.0.0",
      "resolved": "https://registry.npmjs.org/@material/touch-target/-/touch-target-10.0.0.tgz",
      "integrity": "sha512-uDWxktK/CODyNNyvXwzTFXcxqujQrVX3LoIsOXu87Z0fq4n2u74WlemJoniMbVKdsKsiJWcZ1uvrvhSeOdNQ2Q==",
      "requires": {
        "@material/base": "^10.0.0",
        "@material/feature-targeting": "^10.0.0"
      }
    },
    "@material/typography": {
      "version": "10.0.0",
      "resolved": "https://registry.npmjs.org/@material/typography/-/typography-10.0.0.tgz",
      "integrity": "sha512-RtFfL/mfOOkliL/iXY1YPrx8Rw1LZWQC4Jpn2zs04xM+AhhDOcD4Hek5xcvWFjhzEmPUz7yhCTWsMOmVtsXzig==",
      "requires": {
        "@material/feature-targeting": "^10.0.0",
        "@material/theme": "^10.0.0"
      }
    },
    "bootstrap3": {
      "version": "npm:bootstrap@3.4.1",
      "resolved": "https://registry.npmjs.org/bootstrap/-/bootstrap-3.4.1.tgz",
      "integrity": "sha512-yN5oZVmRCwe5aKwzRj6736nSmKDX7pLYwsXiCj/EYmo16hODaBiT4En5btW/jhBF/seV+XMx3aYwukYC3A49DA=="
    },
    "bootstrap4": {
      "version": "npm:bootstrap@4.6.0",
      "resolved": "https://registry.npmjs.org/bootstrap/-/bootstrap-4.6.0.tgz",
      "integrity": "sha512-Io55IuQY3kydzHtbGvQya3H+KorS/M9rSNyfCGCg9WZ4pyT/lCxIlpJgG1GXW/PswzC84Tr2fBYi+7+jFVQQBw=="
    },
    "material10": {
      "version": "npm:material-components-web@10.0.0",
      "resolved": "https://registry.npmjs.org/material-components-web/-/material-components-web-10.0.0.tgz",
      "integrity": "sha512-8zRnmPyZmpD3zKImMCbMrvGx7IwOutGPTrrNNLNEcrmEXCoBVGoorc+6gyvs2bugScgZmLf/nLAXlYlHel7PYQ==",
      "requires": {
        "@material/animation": "^10.0.0",
        "@material/auto-init": "^10.0.0",
        "@material/banner": "^10.0.0",
        "@material/base": "^10.0.0",
        "@material/button": "^10.0.0",
        "@material/card": "^10.0.0",
        "@material/checkbox": "^10.0.0",
        "@material/chips": "^10.0.0",
        "@material/circular-progress": "^10.0.0",
        "@material/data-table": "^10.0.0",
        "@material/density": "^10.0.0",
        "@material/dialog": "^10.0.0",
        "@material/dom": "^10.0.0",
        "@material/drawer": "^10.0.0",
        "@material/elevation": "^10.0.0",
        "@material/fab": "^10.0.0",
        "@material/feature-targeting": "^10.0.0",
        "@material/floating-label": "^10.0.0",
        "@material/form-field": "^10.0.0",
        "@material/icon-button": "^10.0.0",
        "@material/image-list": "^10.0.0",
        "@material/layout-grid": "^10.0.0",
        "@material/line-ripple": "^10.0.0",
        "@material/linear-progress": "^10.0.0",
        "@material/list": "^10.0.0",
        "@material/menu": "^10.0.0",
        "@material/menu-surface": "^10.0.0",
        "@material/notched-outline": "^10.0.0",
        "@material/radio": "^10.0.0",
        "@material/ripple": "^10.0.0",
        "@material/rtl": "^10.0.0",
        "@material/segmented-button": "^10.0.0",
        "@material/select": "^10.0.0",
        "@material/shape": "^10.0.0",
        "@material/slider": "^10.0.0",
        "@material/snackbar": "^10.0.0",
        "@material/switch": "^10.0.0",
        "@material/tab": "^10.0.0",
        "@material/tab-bar": "^10.0.0",
        "@material/tab-indicator": "^10.0.0",
        "@material/tab-scroller": "^10.0.0",
        "@material/textfield": "^10.0.0",
        "@material/theme": "^10.0.0",
        "@material/tooltip": "^10.0.0",
        "@material/top-app-bar": "^10.0.0",
        "@material/touch-target": "^10.0.0",
        "@material/typography": "^10.0.0"
      }
    },
    "tslib": {
      "version": "1.14.1",
      "resolved": "https://registry.npmjs.org/tslib/-/tslib-1.14.1.tgz",
      "integrity": "sha512-Xni35NKzjgMrwevysHTCArtLDpPvye8zV/0E4EyYn43P7/7qvQwPh9BGkHewbMulVntbigmcT7rdX3BNo9wRJg=="
    }
  }
}
